
Microsoft Visual Studio Solution File, Format Version 12.00
# Visual Studio Version 16
VisualStudioVersion = 16.0.29709.97
MinimumVisualStudioVersion = 10.0.40219.1
Project("{FAE04EC0-301F-11D3-BF4B-00C04F79EFBC}") = "Employee", "Employee\Employee.csproj", "{52EF21D0-F133-4FC6-92D5-4EC42F7BC077}"
EndProject
Global
	GlobalSection(SolutionConfigurationPlatforms) = preSolution
		Debug|Any CPU = Debug|Any CPU
		Release|Any CPU = Release|Any CPU
	EndGlobalSection
	GlobalSection(ProjectConfigurationPlatforms) = postSolution
		{52EF21D0-F133-4FC6-92D5-4EC42F7BC077}.Debug|Any CPU.ActiveCfg = Debug|Any CPU
		{52EF21D0-F133-4FC6-92D5-4EC42F7BC077}.Debug|Any CPU.Build.0 = Debug|Any CPU
		{52EF21D0-F133-4FC6-92D5-4EC42F7BC077}.Release|Any CPU.ActiveCfg = Release|Any CPU
		{52EF21D0-F133-4FC6-92D5-4EC42F7BC077}.Release|Any CPU.Build.0 = Release|Any CPU
	EndGlobalSection
	GlobalSection(SolutionProperties) = preSolution
		HideSolutionNode = FALSE
	EndGlobalSection
	GlobalSection(ExtensibilityGlobals) = postSolution
		SolutionGuid = {8D1F61CF-D4C0-4634-A7A7-703CEA2BEFF9}
	EndGlobalSection
EndGlobal
